
Microsoft Visual Studio Solution File, Format Version 11.00
# Visual Studio 2010
Project("{FAE04EC0-301F-11D3-BF4B-00C04F79EFBC}") = "Fall", "Assembly-CSharp-firstpass.csproj", "{70FBD47F-1E8A-2E66-82F9-DA9822BA07A2}"
EndProject
Project("{FAE04EC0-301F-11D3-BF4B-00C04F79EFBC}") = "Fall", "Assembly-CSharp.csproj", "{99B69CDB-B865-FDFF-E905-798DBFC2BDC4}"
EndProject
Project("{FAE04EC0-301F-11D3-BF4B-00C04F79EFBC}") = "Fall", "Assembly-CSharp-Editor-firstpass.csproj", "{067830BB-BAF0-A3DC-C9EE-28EB2BCCB8AF}"
EndProject
Global
	GlobalSection(SolutionConfigurationPlatforms) = preSolution
		Debug|Any CPU = Debug|Any CPU
		Release|Any CPU = Release|Any CPU
	EndGlobalSection
	GlobalSection(ProjectConfigurationPlatforms) = postSolution
		{70FBD47F-1E8A-2E66-82F9-DA9822BA07A2}.Debug|Any CPU.ActiveCfg = Debug|Any CPU
		{70FBD47F-1E8A-2E66-82F9-DA9822BA07A2}.Debug|Any CPU.Build.0 = Debug|Any CPU
		{70FBD47F-1E8A-2E66-82F9-DA9822BA07A2}.Release|Any CPU.ActiveCfg = Release|Any CPU
		{70FBD47F-1E8A-2E66-82F9-DA9822BA07A2}.Release|Any CPU.Build.0 = Release|Any CPU
		{99B69CDB-B865-FDFF-E905-798DBFC2BDC4}.Debug|Any CPU.ActiveCfg = Debug|Any CPU
		{99B69CDB-B865-FDFF-E905-798DBFC2BDC4}.Debug|Any CPU.Build.0 = Debug|Any CPU
		{99B69CDB-B865-FDFF-E905-798DBFC2BDC4}.Release|Any CPU.ActiveCfg = Release|Any CPU
		{99B69CDB-B865-FDFF-E905-798DBFC2BDC4}.Release|Any CPU.Build.0 = Release|Any CPU
		{067830BB-BAF0-A3DC-C9EE-28EB2BCCB8AF}.Debug|Any CPU.ActiveCfg = Debug|Any CPU
		{067830BB-BAF0-A3DC-C9EE-28EB2BCCB8AF}.Debug|Any CPU.Build.0 = Debug|Any CPU
		{067830BB-BAF0-A3DC-C9EE-28EB2BCCB8AF}.Release|Any CPU.ActiveCfg = Release|Any CPU
		{067830BB-BAF0-A3DC-C9EE-28EB2BCCB8AF}.Release|Any CPU.Build.0 = Release|Any CPU
	EndGlobalSection
	GlobalSection(SolutionProperties) = preSolution
		HideSolutionNode = FALSE
	EndGlobalSection
	GlobalSection(MonoDevelopProperties) = preSolution
		StartupItem = Assembly-CSharp.csproj
	EndGlobalSection
EndGlobal
